
Microsoft Visual Studio Solution File, Format Version 12.00
# Visual Studio Version 16
VisualStudioVersion = 16.0.31129.286
MinimumVisualStudioVersion = 10.0.40219.1
Project("{FAE04EC0-301F-11D3-BF4B-00C04F79EFBC}") = "OktaWASM.Server", "Server\OktaWASM.Server.csproj", "{8C86AE9D-439A-49B8-A73E-0E06E28AFF39}"
EndProject
Project("{FAE04EC0-301F-11D3-BF4B-00C04F79EFBC}") = "OktaWASM.Client", "Client\OktaWASM.Client.csproj", "{5D583D9E-EB5A-4BDA-8A97-0AF572E18085}"
EndProject
Project("{FAE04EC0-301F-11D3-BF4B-00C04F79EFBC}") = "OktaWASM.Shared", "Shared\OktaWASM.Shared.csproj", "{5931774F-373A-46BB-8F9D-F4771E3EF603}"
EndProject
Global
	GlobalSection(SolutionConfigurationPlatforms) = preSolution
		Debug|Any CPU = Debug|Any CPU
		Release|Any CPU = Release|Any CPU
	EndGlobalSection
	GlobalSection(ProjectConfigurationPlatforms) = postSolution
		{8C86AE9D-439A-49B8-A73E-0E06E28AFF39}.Debug|Any CPU.ActiveCfg = Debug|Any CPU
		{8C86AE9D-439A-49B8-A73E-0E06E28AFF39}.Debug|Any CPU.Build.0 = Debug|Any CPU
		{8C86AE9D-439A-49B8-A73E-0E06E28AFF39}.Release|Any CPU.ActiveCfg = Release|Any CPU
		{8C86AE9D-439A-49B8-A73E-0E06E28AFF39}.Release|Any CPU.Build.0 = Release|Any CPU
		{5D583D9E-EB5A-4BDA-8A97-0AF572E18085}.Debug|Any CPU.ActiveCfg = Debug|Any CPU
		{5D583D9E-EB5A-4BDA-8A97-0AF572E18085}.Debug|Any CPU.Build.0 = Debug|Any CPU
		{5D583D9E-EB5A-4BDA-8A97-0AF572E18085}.Release|Any CPU.ActiveCfg = Release|Any CPU
		{5D583D9E-EB5A-4BDA-8A97-0AF572E18085}.Release|Any CPU.Build.0 = Release|Any CPU
		{5931774F-373A-46BB-8F9D-F4771E3EF603}.Debug|Any CPU.ActiveCfg = Debug|Any CPU
		{5931774F-373A-46BB-8F9D-F4771E3EF603}.Debug|Any CPU.Build.0 = Debug|Any CPU
		{5931774F-373A-46BB-8F9D-F4771E3EF603}.Release|Any CPU.ActiveCfg = Release|Any CPU
		{5931774F-373A-46BB-8F9D-F4771E3EF603}.Release|Any CPU.Build.0 = Release|Any CPU
	EndGlobalSection
	GlobalSection(SolutionProperties) = preSolution
		HideSolutionNode = FALSE
	EndGlobalSection
	GlobalSection(ExtensibilityGlobals) = postSolution
		SolutionGuid = {844E4787-485F-4BE4-8398-40E67880CBCF}
	EndGlobalSection
EndGlobal
